{
  "name": "nest-verify-tools",
  "lockfileVersion": 3,
  "requires": true,
  "packages": {
    "": {
      "name": "nest-verify-tools",
      "dependencies": {
        "agent-device": "0.21.15"
      }
    },
    "node_modules/agent-device": {
      "version": "0.21.15",
      "resolved": "https://registry.npmjs.org/agent-device/-/agent-device-0.21.15.tgz",
      "integrity": "sha512-Om1j6oNJkeKlkk8lBM+0V9bKwpxUXLMf/PDDSvAt3RFquBRqAiM58J81E0rvPQNxs6GCjhABYpwVvIAXptxjjA==",
      "license": "MIT",
      "bin": {
        "agent-device": "bin/agent-device.mjs"
      },
      "engines": {
        "node": ">=22.12"
      },
      "peerDependencies": {
        "ai": "^6.0.0 || ^7.0.0"
      },
      "peerDependenciesMeta": {
        "ai": {
          "optional": true
        }
      }
    }
  }
}
